
Microsoft Visual Studio Solution File, Format Version 12.00
# Visual Studio 15
VisualStudioVersion = 15.0.27703.2042
MinimumVisualStudioVersion = 10.0.40219.1
Project("{FAE04EC0-301F-11D3-BF4B-00C04F79EFBC}") = "MyBlogPark", "MyBlogPark\MyBlogPark.csproj", "{5928E920-6E7E-4AD0-ACE8-B93400464E63}"
EndProject
Project("{FAE04EC0-301F-11D3-BF4B-00C04F79EFBC}") = "MyBGO", "MyBGO\MyBGO.csproj", "{2FA19AA9-80A5-4551-9A7E-2E67E8F76EDE}"
EndProject
Project("{FAE04EC0-301F-11D3-BF4B-00C04F79EFBC}") = "MyBGO.Framework", "MyBGO\MyBGO.Framework\MyBGO.Framework.csproj", "{5394C5B7-AEDC-4E0A-B3B0-2368C93888F7}"
EndProject
Global
	GlobalSection(SolutionConfigurationPlatforms) = preSolution
		Debug|Any CPU = Debug|Any CPU
		Release|Any CPU = Release|Any CPU
	EndGlobalSection
	GlobalSection(ProjectConfigurationPlatforms) = postSolution
		{5928E920-6E7E-4AD0-ACE8-B93400464E63}.Debug|Any CPU.ActiveCfg = Debug|Any CPU
		{5928E920-6E7E-4AD0-ACE8-B93400464E63}.Debug|Any CPU.Build.0 = Debug|Any CPU
		{5928E920-6E7E-4AD0-ACE8-B93400464E63}.Release|Any CPU.ActiveCfg = Release|Any CPU
		{5928E920-6E7E-4AD0-ACE8-B93400464E63}.Release|Any CPU.Build.0 = Release|Any CPU
		{2FA19AA9-80A5-4551-9A7E-2E67E8F76EDE}.Debug|Any CPU.ActiveCfg = Debug|Any CPU
		{2FA19AA9-80A5-4551-9A7E-2E67E8F76EDE}.Debug|Any CPU.Build.0 = Debug|Any CPU
		{2FA19AA9-80A5-4551-9A7E-2E67E8F76EDE}.Release|Any CPU.ActiveCfg = Release|Any CPU
		{2FA19AA9-80A5-4551-9A7E-2E67E8F76EDE}.Release|Any CPU.Build.0 = Release|Any CPU
		{5394C5B7-AEDC-4E0A-B3B0-2368C93888F7}.Debug|Any CPU.ActiveCfg = Debug|Any CPU
		{5394C5B7-AEDC-4E0A-B3B0-2368C93888F7}.Debug|Any CPU.Build.0 = Debug|Any CPU
		{5394C5B7-AEDC-4E0A-B3B0-2368C93888F7}.Release|Any CPU.ActiveCfg = Release|Any CPU
		{5394C5B7-AEDC-4E0A-B3B0-2368C93888F7}.Release|Any CPU.Build.0 = Release|Any CPU
	EndGlobalSection
	GlobalSection(SolutionProperties) = preSolution
		HideSolutionNode = FALSE
	EndGlobalSection
	GlobalSection(ExtensibilityGlobals) = postSolution
		SolutionGuid = {0E645C50-BF1F-47D0-9B3F-F06E983DC147}
	EndGlobalSection
EndGlobal
